
Microsoft Visual Studio Solution File, Format Version 12.00
# Visual Studio Version 16
VisualStudioVersion = 16.0.30517.126
MinimumVisualStudioVersion = 10.0.40219.1
Project("{FAE04EC0-301F-11D3-BF4B-00C04F79EFBC}") = "AutoSaveNotepad", "AutoSaveNotepad\AutoSaveNotepad.csproj", "{A98E38D6-6C0A-4803-A6A4-64C2FDB0440D}"
EndProject
Global
	GlobalSection(SolutionConfigurationPlatforms) = preSolution
		Debug|Any CPU = Debug|Any CPU
		Release|Any CPU = Release|Any CPU
	EndGlobalSection
	GlobalSection(ProjectConfigurationPlatforms) = postSolution
		{A98E38D6-6C0A-4803-A6A4-64C2FDB0440D}.Debug|Any CPU.ActiveCfg = Debug|Any CPU
		{A98E38D6-6C0A-4803-A6A4-64C2FDB0440D}.Debug|Any CPU.Build.0 = Debug|Any CPU
		{A98E38D6-6C0A-4803-A6A4-64C2FDB0440D}.Release|Any CPU.ActiveCfg = Release|Any CPU
		{A98E38D6-6C0A-4803-A6A4-64C2FDB0440D}.Release|Any CPU.Build.0 = Release|Any CPU
	EndGlobalSection
	GlobalSection(SolutionProperties) = preSolution
		HideSolutionNode = FALSE
	EndGlobalSection
	GlobalSection(ExtensibilityGlobals) = postSolution
		SolutionGuid = {A59CD92B-7896-408E-A801-05CCD6F71DC9}
	EndGlobalSection
EndGlobal
